
Microsoft Visual Studio Solution File, Format Version 12.00
# Visual Studio Version 16
VisualStudioVersion = 16.0.33130.400
MinimumVisualStudioVersion = 10.0.40219.1
Project("{FAE04EC0-301F-11D3-BF4B-00C04F79EFBC}") = "EArsivFaturaManagerBot", "EArsivFaturaManagerBot\EArsivFaturaManagerBot.csproj", "{9099D886-C1CE-44F0-9D9A-9D8AA2980E69}"
EndProject
Global
	GlobalSection(SolutionConfigurationPlatforms) = preSolution
		Debug|Any CPU = Debug|Any CPU
		Release|Any CPU = Release|Any CPU
	EndGlobalSection
	GlobalSection(ProjectConfigurationPlatforms) = postSolution
		{9099D886-C1CE-44F0-9D9A-9D8AA2980E69}.Debug|Any CPU.ActiveCfg = Debug|Any CPU
		{9099D886-C1CE-44F0-9D9A-9D8AA2980E69}.Debug|Any CPU.Build.0 = Debug|Any CPU
		{9099D886-C1CE-44F0-9D9A-9D8AA2980E69}.Release|Any CPU.ActiveCfg = Release|Any CPU
		{9099D886-C1CE-44F0-9D9A-9D8AA2980E69}.Release|Any CPU.Build.0 = Release|Any CPU
	EndGlobalSection
	GlobalSection(SolutionProperties) = preSolution
		HideSolutionNode = FALSE
	EndGlobalSection
	GlobalSection(ExtensibilityGlobals) = postSolution
		SolutionGuid = {52CE0E73-1210-4CAD-920F-93C59BBD2CA5}
	EndGlobalSection
EndGlobal
